
Microsoft Visual Studio Solution File, Format Version 12.00
# Visual Studio Version 17
VisualStudioVersion = 17.13.35825.156 d17.13
MinimumVisualStudioVersion = 10.0.40219.1
Project("{FAE04EC0-301F-11D3-BF4B-00C04F79EFBC}") = "MvcCoreApiClient", "MvcCoreApiClient\MvcCoreApiClient.csproj", "{8C453676-0153-49A0-A2F6-BB9B6DA2A75C}"
EndProject
Global
	GlobalSection(SolutionConfigurationPlatforms) = preSolution
		Debug|Any CPU = Debug|Any CPU
		Release|Any CPU = Release|Any CPU
	EndGlobalSection
	GlobalSection(ProjectConfigurationPlatforms) = postSolution
		{8C453676-0153-49A0-A2F6-BB9B6DA2A75C}.Debug|Any CPU.ActiveCfg = Debug|Any CPU
		{8C453676-0153-49A0-A2F6-BB9B6DA2A75C}.Debug|Any CPU.Build.0 = Debug|Any CPU
		{8C453676-0153-49A0-A2F6-BB9B6DA2A75C}.Release|Any CPU.ActiveCfg = Release|Any CPU
		{8C453676-0153-49A0-A2F6-BB9B6DA2A75C}.Release|Any CPU.Build.0 = Release|Any CPU
	EndGlobalSection
	GlobalSection(SolutionProperties) = preSolution
		HideSolutionNode = FALSE
	EndGlobalSection
	GlobalSection(ExtensibilityGlobals) = postSolution
		SolutionGuid = {D759C17E-6FC7-4DA3-A275-B40C7B54DB24}
	EndGlobalSection
EndGlobal
